// !$*UTF8*$!
{
	archiveVersion = 1;
	classes = {
	};
	objectVersion = 46;
	objects = {

/* Begin PBXBuildFile section */
		117773A21E2BD52800571BF9 /* GoogleService-Info (BerichtOpslaanFirebase).plist in Resources */ = {isa = PBXBuildFile; fileRef = 117773A11E2BD52800571BF9 /* GoogleService-Info (BerichtOpslaanFirebase).plist */; };
		119769F21E2BCEC600CC6C9F /* AppDelegate.swift in Sources */ = {isa = PBXBuildFile; fileRef = 119769F11E2BCEC600CC6C9F /* AppDelegate.swift */; };
		119769F71E2BCEC600CC6C9F /* Main.storyboard in Resources */ = {isa = PBXBuildFile; fileRef = 119769F51E2BCEC600CC6C9F /* Main.storyboard */; };
		119769F91E2BCEC600CC6C9F /* Assets.xcassets in Resources */ = {isa = PBXBuildFile; fileRef = 119769F81E2BCEC600CC6C9F /* Assets.xcassets */; };
		119769FC1E2BCEC600CC6C9F /* LaunchScreen.storyboard in Resources */ = {isa = PBXBuildFile; fileRef = 119769FA1E2BCEC600CC6C9F /* LaunchScreen.storyboard */; };
		11976A041E2BD06900CC6C9F /* Message.swift in Sources */ = {isa = PBXBuildFile; fileRef = 11976A031E2BD06900CC6C9F /* Message.swift */; };
		11976A061E2BD41E00CC6C9F /* DataService.swift in Sources */ = {isa = PBXBuildFile; fileRef = 11976A051E2BD41E00CC6C9F /* DataService.swift */; };
		11F9EA941E2BF305003A297F /* ViewController.swift in Sources */ = {isa = PBXBuildFile; fileRef = 119769F31E2BCEC600CC6C9F /* ViewController.swift */; };
		11F9EA951E2BF31B003A297F /* MessageCell.swift in Sources */ = {isa = PBXBuildFile; fileRef = 11E3D4441E2BD938001E319C /* MessageCell.swift */; };
		25C0E6495F5EB725D61E0378 /* Pods_DataMetFirebase.framework in Frameworks */ = {isa = PBXBuildFile; fileRef = 296AAD40338AF2AF12A62055 /* Pods_DataMetFirebase.framework */; };
/* End PBXBuildFile section */

/* Begin PBXFileReference section */
		117773A11E2BD52800571BF9 /* GoogleService-Info (BerichtOpslaanFirebase).plist */ = {isa = PBXFileReference; fileEncoding = 4; lastKnownFileType = text.plist.xml; path = "GoogleService-Info (BerichtOpslaanFirebase).plist"; sourceTree = "<group>"; };
		119769EE1E2BCEC600CC6C9F /* DataMetFirebase.app */ = {isa = PBXFileReference; explicitFileType = wrapper.application; includeInIndex = 0; path = DataMetFirebase.app; sourceTree = BUILT_PRODUCTS_DIR; };
		119769F11E2BCEC600CC6C9F /* AppDelegate.swift */ = {isa = PBXFileReference; lastKnownFileType = sourcecode.swift; path = AppDelegate.swift; sourceTree = "<group>"; };
		119769F31E2BCEC600CC6C9F /* ViewController.swift */ = {isa = PBXFileReference; lastKnownFileType = sourcecode.swift; path = ViewController.swift; sourceTree = "<group>"; };
		119769F61E2BCEC600CC6C9F /* Base */ = {isa = PBXFileReference; lastKnownFileType = file.storyboard; name = Base; path = Base.lproj/Main.storyboard; sourceTree = "<group>"; };
		119769F81E2BCEC600CC6C9F /* Assets.xcassets */ = {isa = PBXFileReference; lastKnownFileType = folder.assetcatalog; path = Assets.xcassets; sourceTree = "<group>"; };
		119769FB1E2BCEC600CC6C9F /* Base */ = {isa = PBXFileReference; lastKnownFileType = file.storyboard; name = Base; path = Base.lproj/LaunchScreen.storyboard; sourceTree = "<group>"; };
		119769FD1E2BCEC600CC6C9F /* Info.plist */ = {isa = PBXFileReference; lastKnownFileType = text.plist.xml; path = Info.plist; sourceTree = "<group>"; };
		11976A031E2BD06900CC6C9F /* Message.swift */ = {isa = PBXFileReference; fileEncoding = 4; lastKnownFileType = sourcecode.swift; path = Message.swift; sourceTree = "<group>"; };
		11976A051E2BD41E00CC6C9F /* DataService.swift */ = {isa = PBXFileReference; fileEncoding = 4; lastKnownFileType = sourcecode.swift; path = DataService.swift; sourceTree = "<group>"; };
		11E3D4441E2BD938001E319C /* MessageCell.swift */ = {isa = PBXFileReference; fileEncoding = 4; lastKnownFileType = sourcecode.swift; path = MessageCell.swift; sourceTree = "<group>"; };
		296AAD40338AF2AF12A62055 /* Pods_DataMetFirebase.framework */ = {isa = PBXFileReference; explicitFileType = wrapper.framework; includeInIndex = 0; path = Pods_DataMetFirebase.framework; sourceTree = BUILT_PRODUCTS_DIR; };
		A4E590E0BB408629ADE1589A /* Pods-DataMetFirebase.debug.xcconfig */ = {isa = PBXFileReference; includeInIndex = 1; lastKnownFileType = text.xcconfig; name = "Pods-DataMetFirebase.debug.xcconfig"; path = "Pods/Target Support Files/Pods-DataMetFirebase/Pods-DataMetFirebase.debug.xcconfig"; sourceTree = "<group>"; };
		F855EF12492FCD290435367E /* Pods-DataMetFirebase.release.xcconfig */ = {isa = PBXFileReference; includeInIndex = 1; lastKnownFileType = text.xcconfig; name = "Pods-DataMetFirebase.release.xcconfig"; path = "Pods/Target Support Files/Pods-DataMetFirebase/Pods-DataMetFirebase.release.xcconfig"; sourceTree = "<group>"; };
/* End PBXFileReference section */

/* Begin PBXFrameworksBuildPhase section */
		119769EB1E2BCEC600CC6C9F /* Frameworks */ = {
			isa = PBXFrameworksBuildPhase;
			buildActionMask = 2147483647;
			files = (
				25C0E6495F5EB725D61E0378 /* Pods_DataMetFirebase.framework in Frameworks */,
			);
			runOnlyForDeploymentPostprocessing = 0;
		};
/* End PBXFrameworksBuildPhase section */

/* Begin PBXGroup section */
		119769E51E2BCEC600CC6C9F = {
			isa = PBXGroup;
			children = (
				119769F01E2BCEC600CC6C9F /* DataMetFirebase */,
				119769EF1E2BCEC600CC6C9F /* Products */,
				FD482E8186264D3FF7A3A633 /* Pods */,
				79E6840054435F1D76D4A93B /* Frameworks */,
			);
			sourceTree = "<group>";
		};
		119769EF1E2BCEC600CC6C9F /* Products */ = {
			isa = PBXGroup;
			children = (
				119769EE1E2BCEC600CC6C9F /* DataMetFirebase.app */,
			);
			name = Products;
			sourceTree = "<group>";
		};
		119769F01E2BCEC600CC6C9F /* DataMetFirebase */ = {
			isa = PBXGroup;
			children = (
				117773A11E2BD52800571BF9 /* GoogleService-Info (BerichtOpslaanFirebase).plist */,
				119769F11E2BCEC600CC6C9F /* AppDelegate.swift */,
				119769F31E2BCEC600CC6C9F /* ViewController.swift */,
				11E3D4441E2BD938001E319C /* MessageCell.swift */,
				119769F51E2BCEC600CC6C9F /* Main.storyboard */,
				119769F81E2BCEC600CC6C9F /* Assets.xcassets */,
				119769FA1E2BCEC600CC6C9F /* LaunchScreen.storyboard */,
				119769FD1E2BCEC600CC6C9F /* Info.plist */,
				11976A031E2BD06900CC6C9F /* Message.swift */,
				11976A051E2BD41E00CC6C9F /* DataService.swift */,
			);
			path = DataMetFirebase;
			sourceTree = "<group>";
		};
		79E6840054435F1D76D4A93B /* Frameworks */ = {
			isa = PBXGroup;
			children = (
				296AAD40338AF2AF12A62055 /* Pods_DataMetFirebase.framework */,
			);
			name = Frameworks;
			sourceTree = "<group>";
		};
		FD482E8186264D3FF7A3A633 /* Pods */ = {
			isa = PBXGroup;
			children = (
				A4E590E0BB408629ADE1589A /* Pods-DataMetFirebase.debug.xcconfig */,
				F855EF12492FCD290435367E /* Pods-DataMetFirebase.release.xcconfig */,
			);
			name = Pods;
			sourceTree = "<group>";
		};
/* End PBXGroup section */

/* Begin PBXNativeTarget section */
		119769ED1E2BCEC600CC6C9F /* DataMetFirebase */ = {
			isa = PBXNativeTarget;
			buildConfigurationList = 11976A001E2BCEC600CC6C9F /* Build configuration list for PBXNativeTarget "DataMetFirebase" */;
			buildPhases = (
				CC1D9BA461D3FB829D5B841C /* [CP] Check Pods Manifest.lock */,
				119769EA1E2BCEC600CC6C9F /* Sources */,
				119769EB1E2BCEC600CC6C9F /* Frameworks */,
				119769EC1E2BCEC600CC6C9F /* Resources */,
				29E724C570646038F9E3BD5B /* [CP] Embed Pods Frameworks */,
				659EDB8DDC9AA0E6FC44074A /* [CP] Copy Pods Resources */,
			);
			buildRules = (
			);
			dependencies = (
			);
			name = DataMetFirebase;
			productName = DataMetFirebase;
			productReference = 119769EE1E2BCEC600CC6C9F /* DataMetFirebase.app */;
			productType = "com.apple.product-type.application";
		};
/* End PBXNativeTarget section */

/* Begin PBXProject section */
		119769E61E2BCEC600CC6C9F /* Project object */ = {
			isa = PBXProject;
			attributes = {
				LastSwiftUpdateCheck = 0820;
				LastUpgradeCheck = 0820;
				ORGANIZATIONNAME = Jurjen;
				TargetAttributes = {
					119769ED1E2BCEC600CC6C9F = {
						CreatedOnToolsVersion = 8.2.1;
						DevelopmentTeam = EBSX6CSZNX;
						ProvisioningStyle = Automatic;
					};
				};
			};
			buildConfigurationList = 119769E91E2BCEC600CC6C9F /* Build configuration list for PBXProject "DataMetFirebase" */;
			compatibilityVersion = "Xcode 3.2";
			developmentRegion = English;
			hasScannedForEncodings = 0;
			knownRegions = (
				en,
				Base,
			);
			mainGroup = 119769E51E2BCEC600CC6C9F;
			productRefGroup = 119769EF1E2BCEC600CC6C9F /* Products */;
			projectDirPath = "";
			projectRoot = "";
			targets = (
				119769ED1E2BCEC600CC6C9F /* DataMetFirebase */,
			);
		};
/* End PBXProject section */

/* Begin PBXResourcesBuildPhase section */
		119769EC1E2BCEC600CC6C9F /* Resources */ = {
			isa = PBXResourcesBuildPhase;
			buildActionMask = 2147483647;
			files = (
				119769FC1E2BCEC600CC6C9F /* LaunchScreen.storyboard in Resources */,
				119769F91E2BCEC600CC6C9F /* Assets.xcassets in Resources */,
				119769F71E2BCEC600CC6C9F /* Main.storyboard in Resources */,
				117773A21E2BD52800571BF9 /* GoogleService-Info (BerichtOpslaanFirebase).plist in Resources */,
			);
			runOnlyForDeploymentPostprocessing = 0;
		};
/* End PBXResourcesBuildPhase section */

/* Begin PBXShellScriptBuildPhase section */
		29E724C570646038F9E3BD5B /* [CP] Embed Pods Frameworks */ = {
			isa = PBXShellScriptBuildPhase;
			buildActionMask = 2147483647;
			files = (
			);
			inputPaths = (
			);
			name = "[CP] Embed Pods Frameworks";
			outputPaths = (
			);
			runOnlyForDeploymentPostprocessing = 0;
			shellPath = /bin/sh;
			shellScript = "\"${SRCROOT}/Pods/Target Support Files/Pods-DataMetFirebase/Pods-DataMetFirebase-frameworks.sh\"\n";
			showEnvVarsInLog = 0;
		};
		659EDB8DDC9AA0E6FC44074A /* [CP] Copy Pods Resources */ = {
			isa = PBXShellScriptBuildPhase;
			buildActionMask = 2147483647;
			files = (
			);
			inputPaths = (
			);
			name = "[CP] Copy Pods Resources";
			outputPaths = (
			);
			runOnlyForDeploymentPostprocessing = 0;
			shellPath = /bin/sh;
			shellScript = "\"${SRCROOT}/Pods/Target Support Files/Pods-DataMetFirebase/Pods-DataMetFirebase-resources.sh\"\n";
			showEnvVarsInLog = 0;
		};
		CC1D9BA461D3FB829D5B841C /* [CP] Check Pods Manifest.lock */ = {
			isa = PBXShellScriptBuildPhase;
			buildActionMask = 2147483647;
			files = (
			);
			inputPaths = (
			);
			name = "[CP] Check Pods Manifest.lock";
			outputPaths = (
			);
			runOnlyForDeploymentPostprocessing = 0;
			shellPath = /bin/sh;
			shellScript = "diff \"${PODS_ROOT}/../Podfile.lock\" \"${PODS_ROOT}/Manifest.lock\" > /dev/null\nif [ $? != 0 ] ; then\n    # print error to STDERR\n    echo \"error: The sandbox is not in sync with the Podfile.lock. Run 'pod install' or update your CocoaPods installation.\" >&2\n    exit 1\nfi\n";
			showEnvVarsInLog = 0;
		};
/* End PBXShellScriptBuildPhase section */

/* Begin PBXSourcesBuildPhase section */
		119769EA1E2BCEC600CC6C9F /* Sources */ = {
			isa = PBXSourcesBuildPhase;
			buildActionMask = 2147483647;
			files = (
				11976A041E2BD06900CC6C9F /* Message.swift in Sources */,
				11F9EA951E2BF31B003A297F /* MessageCell.swift in Sources */,
				119769F21E2BCEC600CC6C9F /* AppDelegate.swift in Sources */,
				11F9EA941E2BF305003A297F /* ViewController.swift in Sources */,
				11976A061E2BD41E00CC6C9F /* DataService.swift in Sources */,
			);
			runOnlyForDeploymentPostprocessing = 0;
		};
/* End PBXSourcesBuildPhase section */

/* Begin PBXVariantGroup section */
		119769F51E2BCEC600CC6C9F /* Main.storyboard */ = {
			isa = PBXVariantGroup;
			children = (
				119769F61E2BCEC600CC6C9F /* Base */,
			);
			name = Main.storyboard;
			sourceTree = "<group>";
		};
		119769FA1E2BCEC600CC6C9F /* LaunchScreen.storyboard */ = {
			isa = PBXVariantGroup;
			children = (
				119769FB1E2BCEC600CC6C9F /* Base */,
			);
			name = LaunchScreen.storyboard;
			sourceTree = "<group>";
		};
/* End PBXVariantGroup section */

/* Begin XCBuildConfiguration section */
		119769FE1E2BCEC600CC6C9F /* Debug */ = {
			isa = XCBuildConfiguration;
			buildSettings = {
				ALWAYS_SEARCH_USER_PATHS = NO;
				CLANG_ANALYZER_NONNULL = YES;
				CLANG_CXX_LANGUAGE_STANDARD = "gnu++0x";
				CLANG_CXX_LIBRARY = "libc++";
				CLANG_ENABLE_MODULES = YES;
				CLANG_ENABLE_OBJC_ARC = YES;
				CLANG_WARN_BOOL_CONVERSION = YES;
				CLANG_WARN_CONSTANT_CONVERSION = YES;
				CLANG_WARN_DIRECT_OBJC_ISA_USAGE = YES_ERROR;
				CLANG_WARN_DOCUMENTATION_COMMENTS = YES;
				CLANG_WARN_EMPTY_BODY = YES;
				CLANG_WARN_ENUM_CONVERSION = YES;
				CLANG_WARN_INFINITE_RECURSION = YES;
				CLANG_WARN_INT_CONVERSION = YES;
				CLANG_WARN_OBJC_ROOT_CLASS = YES_ERROR;
				CLANG_WARN_SUSPICIOUS_MOVE = YES;
				CLANG_WARN_UNREACHABLE_CODE = YES;
				CLANG_WARN__DUPLICATE_METHOD_MATCH = YES;
				"CODE_SIGN_IDENTITY[sdk=iphoneos*]" = "iPhone Developer";
				COPY_PHASE_STRIP = NO;
				DEBUG_INFORMATION_FORMAT = dwarf;
				ENABLE_STRICT_OBJC_MSGSEND = YES;
				ENABLE_TESTABILITY = YES;
				GCC_C_LANGUAGE_STANDARD = gnu99;
				GCC_DYNAMIC_NO_PIC = NO;
				GCC_NO_COMMON_BLOCKS = YES;
				GCC_OPTIMIZATION_LEVEL = 0;
				GCC_PREPROCESSOR_DEFINITIONS = (
					"DEBUG=1",
					"$(inherited)",
				);
				GCC_WARN_64_TO_32_BIT_CONVERSION = YES;
				GCC_WARN_ABOUT_RETURN_TYPE = YES_ERROR;
				GCC_WARN_UNDECLARED_SELECTOR = YES;
				GCC_WARN_UNINITIALIZED_AUTOS = YES_AGGRESSIVE;
				GCC_WARN_UNUSED_FUNCTION = YES;
				GCC_WARN_UNUSED_VARIABLE = YES;
				IPHONEOS_DEPLOYMENT_TARGET = 10.2;
				MTL_ENABLE_DEBUG_INFO = YES;
				ONLY_ACTIVE_ARCH = YES;
				SDKROOT = iphoneos;
				SWIFT_ACTIVE_COMPILATION_CONDITIONS = DEBUG;
				SWIFT_OPTIMIZATION_LEVEL = "-Onone";
				TARGETED_DEVICE_FAMILY = "1,2";
			};
			name = Debug;
		};
		119769FF1E2BCEC600CC6C9F /* Release */ = {
			isa = XCBuildConfiguration;
			buildSettings = {
				ALWAYS_SEARCH_USER_PATHS = NO;
				CLANG_ANALYZER_NONNULL = YES;
				CLANG_CXX_LANGUAGE_STANDARD = "gnu++0x";
				CLANG_CXX_LIBRARY = "libc++";
				CLANG_ENABLE_MODULES = YES;
				CLANG_ENABLE_OBJC_ARC = YES;
				CLANG_WARN_BOOL_CONVERSION = YES;
				CLANG_WARN_CONSTANT_CONVERSION = YES;
				CLANG_WARN_DIRECT_OBJC_ISA_USAGE = YES_ERROR;
				CLANG_WARN_DOCUMENTATION_COMMENTS = YES;
				CLANG_WARN_EMPTY_BODY = YES;
				CLANG_WARN_ENUM_CONVERSION = YES;
				CLANG_WARN_INFINITE_RECURSION = YES;
				CLANG_WARN_INT_CONVERSION = YES;
				CLANG_WARN_OBJC_ROOT_CLASS = YES_ERROR;
				CLANG_WARN_SUSPICIOUS_MOVE = YES;
				CLANG_WARN_UNREACHABLE_CODE = YES;
				CLANG_WARN__DUPLICATE_METHOD_MATCH = YES;
				"CODE_SIGN_IDENTITY[sdk=iphoneos*]" = "iPhone Developer";
				COPY_PHASE_STRIP = NO;
				DEBUG_INFORMATION_FORMAT = "dwarf-with-dsym";
				ENABLE_NS_ASSERTIONS = NO;
				ENABLE_STRICT_OBJC_MSGSEND = YES;
				GCC_C_LANGUAGE_STANDARD = gnu99;
				GCC_NO_COMMON_BLOCKS = YES;
				GCC_WARN_64_TO_32_BIT_CONVERSION = YES;
				GCC_WARN_ABOUT_RETURN_TYPE = YES_ERROR;
				GCC_WARN_UNDECLARED_SELECTOR = YES;
				GCC_WARN_UNINITIALIZED_AUTOS = YES_AGGRESSIVE;
				GCC_WARN_UNUSED_FUNCTION = YES;
				GCC_WARN_UNUSED_VARIABLE = YES;
				IPHONEOS_DEPLOYMENT_TARGET = 10.2;
				MTL_ENABLE_DEBUG_INFO = NO;
				SDKROOT = iphoneos;
				SWIFT_OPTIMIZATION_LEVEL = "-Owholemodule";
				TARGETED_DEVICE_FAMILY = "1,2";
				VALIDATE_PRODUCT = YES;
			};
			name = Release;
		};
		11976A011E2BCEC600CC6C9F /* Debug */ = {
			isa = XCBuildConfiguration;
			baseConfigurationReference = A4E590E0BB408629ADE1589A /* Pods-DataMetFirebase.debug.xcconfig */;
			buildSettings = {
				ASSETCATALOG_COMPILER_APPICON_NAME = AppIcon;
				DEVELOPMENT_TEAM = EBSX6CSZNX;
				INFOPLIST_FILE = DataMetFirebase/Info.plist;
				LD_RUNPATH_SEARCH_PATHS = "$(inherited) @executable_path/Frameworks";
				PRODUCT_BUNDLE_IDENTIFIER = Jurjen.DataMetFirebase;
				PRODUCT_NAME = "$(TARGET_NAME)";
				SWIFT_VERSION = 3.0;
			};
			name = Debug;
		};
		11976A021E2BCEC600CC6C9F /* Release */ = {
			isa = XCBuildConfiguration;
			baseConfigurationReference = F855EF12492FCD290435367E /* Pods-DataMetFirebase.release.xcconfig */;
			buildSettings = {
				ASSETCATALOG_COMPILER_APPICON_NAME = AppIcon;
				DEVELOPMENT_TEAM = EBSX6CSZNX;
				INFOPLIST_FILE = DataMetFirebase/Info.plist;
				LD_RUNPATH_SEARCH_PATHS = "$(inherited) @executable_path/Frameworks";
				PRODUCT_BUNDLE_IDENTIFIER = Jurjen.DataMetFirebase;
				PRODUCT_NAME = "$(TARGET_NAME)";
				SWIFT_VERSION = 3.0;
			};
			name = Release;
		};
/* End XCBuildConfiguration section */

/* Begin XCConfigurationList section */
		119769E91E2BCEC600CC6C9F /* Build configuration list for PBXProject "DataMetFirebase" */ = {
			isa = XCConfigurationList;
			buildConfigurations = (
				119769FE1E2BCEC600CC6C9F /* Debug */,
				119769FF1E2BCEC600CC6C9F /* Release */,
			);
			defaultConfigurationIsVisible = 0;
			defaultConfigurationName = Release;
		};
		11976A001E2BCEC600CC6C9F /* Build configuration list for PBXNativeTarget "DataMetFirebase" */ = {
			isa = XCConfigurationList;
			buildConfigurations = (
				11976A011E2BCEC600CC6C9F /* Debug */,
				11976A021E2BCEC600CC6C9F /* Release */,
			);
			defaultConfigurationIsVisible = 0;
			defaultConfigurationName = Release;
		};
/* End XCConfigurationList section */
	};
	rootObject = 119769E61E2BCEC600CC6C9F /* Project object */;
}
